
Microsoft Visual Studio Solution File, Format Version 12.00
# Visual Studio Version 16
VisualStudioVersion = 16.0.29009.5
MinimumVisualStudioVersion = 10.0.40219.1
Project("{9A19103F-16F7-4668-BE54-9A1E7A4F7556}") = "CssUI", "CssUI\CssUI.csproj", "{0C66602D-0FD6-4D70-826F-07EAFFE6AAC3}"
EndProject
Project("{D954291E-2A0B-460D-934E-DC6B0785DB48}") = "Logging", "C:\CODE\CSharp-XTERM-Logger\Logger\Logging.shproj", "{753BDDAE-60AB-42B6-AECC-CADC369F1B16}"
EndProject
Global
	GlobalSection(SharedMSBuildProjectFiles) = preSolution
		C:\CODE\CSharp-XTERM-Logger\Logger\Logger.projitems*{753bddae-60ab-42b6-aecc-cadc369f1b16}*SharedItemsImports = 13
	EndGlobalSection
	GlobalSection(SolutionConfigurationPlatforms) = preSolution
		Debug|Any CPU = Debug|Any CPU
		Release|Any CPU = Release|Any CPU
	EndGlobalSection
	GlobalSection(ProjectConfigurationPlatforms) = postSolution
		{0C66602D-0FD6-4D70-826F-07EAFFE6AAC3}.Debug|Any CPU.ActiveCfg = Debug|Any CPU
		{0C66602D-0FD6-4D70-826F-07EAFFE6AAC3}.Debug|Any CPU.Build.0 = Debug|Any CPU
		{0C66602D-0FD6-4D70-826F-07EAFFE6AAC3}.Release|Any CPU.ActiveCfg = Release|Any CPU
		{0C66602D-0FD6-4D70-826F-07EAFFE6AAC3}.Release|Any CPU.Build.0 = Release|Any CPU
	EndGlobalSection
	GlobalSection(SolutionProperties) = preSolution
		HideSolutionNode = FALSE
	EndGlobalSection
	GlobalSection(ExtensibilityGlobals) = postSolution
		SolutionGuid = {2C5EE4A1-96F1-4428-ABB2-20F203BC1B64}
	EndGlobalSection
EndGlobal
