
Microsoft Visual Studio Solution File, Format Version 12.00
# Visual Studio Version 16
VisualStudioVersion = 16.0.29009.5
MinimumVisualStudioVersion = 10.0.40219.1
Project("{9A19103F-16F7-4668-BE54-9A1E7A4F7556}") = "CssUI", "CssUI\CssUI.csproj", "{0C66602D-0FD6-4D70-826F-07EAFFE6AAC3}"
	ProjectSection(ProjectDependencies) = postProject
		{686BB281-DFA0-4FF4-9007-A8DDB8BFFAE1} = {686BB281-DFA0-4FF4-9007-A8DDB8BFFAE1}
	EndProjectSection
EndProject
Project("{9A19103F-16F7-4668-BE54-9A1E7A4F7556}") = "xLog", "..\xLog\xLog\xLog.csproj", "{686BB281-DFA0-4FF4-9007-A8DDB8BFFAE1}"
EndProject
Global
	GlobalSection(SolutionConfigurationPlatforms) = preSolution
		Debug|Any CPU = Debug|Any CPU
		Release|Any CPU = Release|Any CPU
	EndGlobalSection
	GlobalSection(ProjectConfigurationPlatforms) = postSolution
		{0C66602D-0FD6-4D70-826F-07EAFFE6AAC3}.Debug|Any CPU.ActiveCfg = Debug|Any CPU
		{0C66602D-0FD6-4D70-826F-07EAFFE6AAC3}.Debug|Any CPU.Build.0 = Debug|Any CPU
		{0C66602D-0FD6-4D70-826F-07EAFFE6AAC3}.Release|Any CPU.ActiveCfg = Release|Any CPU
		{0C66602D-0FD6-4D70-826F-07EAFFE6AAC3}.Release|Any CPU.Build.0 = Release|Any CPU
		{686BB281-DFA0-4FF4-9007-A8DDB8BFFAE1}.Debug|Any CPU.ActiveCfg = Debug|Any CPU
		{686BB281-DFA0-4FF4-9007-A8DDB8BFFAE1}.Debug|Any CPU.Build.0 = Debug|Any CPU
		{686BB281-DFA0-4FF4-9007-A8DDB8BFFAE1}.Release|Any CPU.ActiveCfg = Release|Any CPU
		{686BB281-DFA0-4FF4-9007-A8DDB8BFFAE1}.Release|Any CPU.Build.0 = Release|Any CPU
	EndGlobalSection
	GlobalSection(SolutionProperties) = preSolution
		HideSolutionNode = FALSE
	EndGlobalSection
	GlobalSection(ExtensibilityGlobals) = postSolution
		SolutionGuid = {2C5EE4A1-96F1-4428-ABB2-20F203BC1B64}
	EndGlobalSection
EndGlobal
