
Microsoft Visual Studio Solution File, Format Version 12.00
# Visual Studio Version 17
VisualStudioVersion = 17.0.31903.59
MinimumVisualStudioVersion = 10.0.40219.1
Project("{9A19103F-16F7-4668-BE54-9A1E7A4F7556}") = "CssUI", "CssUI\CssUI.csproj", "{0C66602D-0FD6-4D70-826F-07EAFFE6AAC3}"
EndProject
Project("{FAE04EC0-301F-11D3-BF4B-00C04F79EFBC}") = "CssUITests", "CssUITests2\CssUITests.csproj", "{33AEADA8-A70B-4A46-BEB2-5AD41BBEE64C}"
EndProject
Project("{FAE04EC0-301F-11D3-BF4B-00C04F79EFBC}") = "CssUI.Benchmarks", "CssUI.Benchmarks\CssUI.Benchmarks.csproj", "{4A4F8BB7-4A65-4651-B939-AB392D101B11}"
EndProject
Global
	GlobalSection(SolutionConfigurationPlatforms) = preSolution
		Debug|Any CPU = Debug|Any CPU
		Debug|x64 = Debug|x64
		Debug|x86 = Debug|x86
		Release|Any CPU = Release|Any CPU
		Release|x64 = Release|x64
		Release|x86 = Release|x86
	EndGlobalSection
	GlobalSection(ProjectConfigurationPlatforms) = postSolution
		{0C66602D-0FD6-4D70-826F-07EAFFE6AAC3}.Debug|Any CPU.ActiveCfg = CssUI - Debug|Any CPU
		{0C66602D-0FD6-4D70-826F-07EAFFE6AAC3}.Debug|Any CPU.Build.0 = CssUI - Debug|Any CPU
		{0C66602D-0FD6-4D70-826F-07EAFFE6AAC3}.Debug|x64.ActiveCfg = Debug|Any CPU
		{0C66602D-0FD6-4D70-826F-07EAFFE6AAC3}.Debug|x64.Build.0 = Debug|Any CPU
		{0C66602D-0FD6-4D70-826F-07EAFFE6AAC3}.Debug|x86.ActiveCfg = Debug|Any CPU
		{0C66602D-0FD6-4D70-826F-07EAFFE6AAC3}.Debug|x86.Build.0 = Debug|Any CPU
		{0C66602D-0FD6-4D70-826F-07EAFFE6AAC3}.Release|Any CPU.ActiveCfg = CssUI - Release|Any CPU
		{0C66602D-0FD6-4D70-826F-07EAFFE6AAC3}.Release|Any CPU.Build.0 = CssUI - Release|Any CPU
		{0C66602D-0FD6-4D70-826F-07EAFFE6AAC3}.Release|x64.ActiveCfg = Release|Any CPU
		{0C66602D-0FD6-4D70-826F-07EAFFE6AAC3}.Release|x64.Build.0 = Release|Any CPU
		{0C66602D-0FD6-4D70-826F-07EAFFE6AAC3}.Release|x86.ActiveCfg = Release|Any CPU
		{0C66602D-0FD6-4D70-826F-07EAFFE6AAC3}.Release|x86.Build.0 = Release|Any CPU
		{33AEADA8-A70B-4A46-BEB2-5AD41BBEE64C}.Debug|Any CPU.ActiveCfg = Debug|Any CPU
		{33AEADA8-A70B-4A46-BEB2-5AD41BBEE64C}.Debug|Any CPU.Build.0 = Debug|Any CPU
		{33AEADA8-A70B-4A46-BEB2-5AD41BBEE64C}.Debug|x64.ActiveCfg = Debug|Any CPU
		{33AEADA8-A70B-4A46-BEB2-5AD41BBEE64C}.Debug|x64.Build.0 = Debug|Any CPU
		{33AEADA8-A70B-4A46-BEB2-5AD41BBEE64C}.Debug|x86.ActiveCfg = Debug|Any CPU
		{33AEADA8-A70B-4A46-BEB2-5AD41BBEE64C}.Debug|x86.Build.0 = Debug|Any CPU
		{33AEADA8-A70B-4A46-BEB2-5AD41BBEE64C}.Release|Any CPU.ActiveCfg = Release|Any CPU
		{33AEADA8-A70B-4A46-BEB2-5AD41BBEE64C}.Release|Any CPU.Build.0 = Release|Any CPU
		{33AEADA8-A70B-4A46-BEB2-5AD41BBEE64C}.Release|x64.ActiveCfg = Release|Any CPU
		{33AEADA8-A70B-4A46-BEB2-5AD41BBEE64C}.Release|x64.Build.0 = Release|Any CPU
		{33AEADA8-A70B-4A46-BEB2-5AD41BBEE64C}.Release|x86.ActiveCfg = Release|Any CPU
		{33AEADA8-A70B-4A46-BEB2-5AD41BBEE64C}.Release|x86.Build.0 = Release|Any CPU
		{4A4F8BB7-4A65-4651-B939-AB392D101B11}.Debug|Any CPU.ActiveCfg = Debug|Any CPU
		{4A4F8BB7-4A65-4651-B939-AB392D101B11}.Debug|Any CPU.Build.0 = Debug|Any CPU
		{4A4F8BB7-4A65-4651-B939-AB392D101B11}.Debug|x64.ActiveCfg = Debug|Any CPU
		{4A4F8BB7-4A65-4651-B939-AB392D101B11}.Debug|x64.Build.0 = Debug|Any CPU
		{4A4F8BB7-4A65-4651-B939-AB392D101B11}.Debug|x86.ActiveCfg = Debug|Any CPU
		{4A4F8BB7-4A65-4651-B939-AB392D101B11}.Debug|x86.Build.0 = Debug|Any CPU
		{4A4F8BB7-4A65-4651-B939-AB392D101B11}.Release|Any CPU.ActiveCfg = Release|Any CPU
		{4A4F8BB7-4A65-4651-B939-AB392D101B11}.Release|Any CPU.Build.0 = Release|Any CPU
		{4A4F8BB7-4A65-4651-B939-AB392D101B11}.Release|x64.ActiveCfg = Release|Any CPU
		{4A4F8BB7-4A65-4651-B939-AB392D101B11}.Release|x64.Build.0 = Release|Any CPU
		{4A4F8BB7-4A65-4651-B939-AB392D101B11}.Release|x86.ActiveCfg = Release|Any CPU
		{4A4F8BB7-4A65-4651-B939-AB392D101B11}.Release|x86.Build.0 = Release|Any CPU
	EndGlobalSection
	GlobalSection(SolutionProperties) = preSolution
		HideSolutionNode = FALSE
	EndGlobalSection
	GlobalSection(ExtensibilityGlobals) = postSolution
		SolutionGuid = {2C5EE4A1-96F1-4428-ABB2-20F203BC1B64}
	EndGlobalSection
EndGlobal
